
Microsoft Visual Studio Solution File, Format Version 12.00
# Visual Studio 2012
Project("{FAE04EC0-301F-11D3-BF4B-00C04F79EFBC}") = "Api", "Api\Api.csproj", "{C86457AE-C053-4C1A-8062-DF977D34E691}"
EndProject
Project("{2150E333-8FDC-42A3-9474-1A3956D46DE8}") = "Adapters", "Adapters", "{83BF3F51-FBE7-4F6B-B1FA-A2DD44016B79}"
EndProject
Project("{FAE04EC0-301F-11D3-BF4B-00C04F79EFBC}") = "Terminal", "Adapters\Terminal\Terminal.csproj", "{0C86B607-961A-4C68-9E52-A3D829E4E294}"
EndProject
Project("{FAE04EC0-301F-11D3-BF4B-00C04F79EFBC}") = "JabberAdapter", "Adapters\JabberAdapter\JabberAdapter.csproj", "{35737F35-80D6-422D-806D-047320FF1D99}"
EndProject
Project("{2150E333-8FDC-42A3-9474-1A3956D46DE8}") = "Handlers", "Handlers", "{1C1C01B2-2A98-45F9-BB18-2BBA2D32D90D}"
EndProject
Project("{FAE04EC0-301F-11D3-BF4B-00C04F79EFBC}") = "Auth", "Handlers\Auth\Auth.csproj", "{59D17852-FD05-4CC3-B4FF-1E0D0595BC04}"
EndProject
Project("{FAE04EC0-301F-11D3-BF4B-00C04F79EFBC}") = "Minecraft", "Handlers\Minecraft\Minecraft.csproj", "{254BCFD6-7878-41B8-B208-5474FF7EF95C}"
EndProject
Project("{FAE04EC0-301F-11D3-BF4B-00C04F79EFBC}") = "TheseusControl", "Handlers\TheseusControl\TheseusControl.csproj", "{BF7E48C2-99C1-4482-B050-DB3A5C32FC76}"
EndProject
Project("{FAE04EC0-301F-11D3-BF4B-00C04F79EFBC}") = "Theseus", "Theseus\Theseus.csproj", "{E66F7043-5EBD-47F7-9113-572325A99863}"
EndProject
Project("{FAE04EC0-301F-11D3-BF4B-00C04F79EFBC}") = "ArgumentsLibrary", "ArgumentsLibrary\ArgumentsLibrary.csproj", "{A2F6B466-E0E2-4419-835A-8712BCAB0BB6}"
EndProject
Project("{FAE04EC0-301F-11D3-BF4B-00C04F79EFBC}") = "Runner", "Runner\Runner.csproj", "{1FBDC7A8-F8AD-4374-BA2B-D25226488C5E}"
EndProject
Global
	GlobalSection(SolutionConfigurationPlatforms) = preSolution
		Debug|x86 = Debug|x86
		Release|x86 = Release|x86
	EndGlobalSection
	GlobalSection(ProjectConfigurationPlatforms) = postSolution
		{0C86B607-961A-4C68-9E52-A3D829E4E294}.Debug|x86.ActiveCfg = Debug|Any CPU
		{0C86B607-961A-4C68-9E52-A3D829E4E294}.Debug|x86.Build.0 = Debug|Any CPU
		{0C86B607-961A-4C68-9E52-A3D829E4E294}.Release|x86.ActiveCfg = Release|Any CPU
		{0C86B607-961A-4C68-9E52-A3D829E4E294}.Release|x86.Build.0 = Release|Any CPU
		{1FBDC7A8-F8AD-4374-BA2B-D25226488C5E}.Debug|x86.ActiveCfg = Debug|x86
		{1FBDC7A8-F8AD-4374-BA2B-D25226488C5E}.Debug|x86.Build.0 = Debug|x86
		{1FBDC7A8-F8AD-4374-BA2B-D25226488C5E}.Release|x86.ActiveCfg = Release|x86
		{1FBDC7A8-F8AD-4374-BA2B-D25226488C5E}.Release|x86.Build.0 = Release|x86
		{254BCFD6-7878-41B8-B208-5474FF7EF95C}.Debug|x86.ActiveCfg = Debug|Any CPU
		{254BCFD6-7878-41B8-B208-5474FF7EF95C}.Debug|x86.Build.0 = Debug|Any CPU
		{254BCFD6-7878-41B8-B208-5474FF7EF95C}.Release|x86.ActiveCfg = Release|Any CPU
		{254BCFD6-7878-41B8-B208-5474FF7EF95C}.Release|x86.Build.0 = Release|Any CPU
		{35737F35-80D6-422D-806D-047320FF1D99}.Debug|x86.ActiveCfg = Debug|Any CPU
		{35737F35-80D6-422D-806D-047320FF1D99}.Debug|x86.Build.0 = Debug|Any CPU
		{35737F35-80D6-422D-806D-047320FF1D99}.Release|x86.ActiveCfg = Release|Any CPU
		{35737F35-80D6-422D-806D-047320FF1D99}.Release|x86.Build.0 = Release|Any CPU
		{59D17852-FD05-4CC3-B4FF-1E0D0595BC04}.Debug|x86.ActiveCfg = Debug|Any CPU
		{59D17852-FD05-4CC3-B4FF-1E0D0595BC04}.Debug|x86.Build.0 = Debug|Any CPU
		{59D17852-FD05-4CC3-B4FF-1E0D0595BC04}.Release|x86.ActiveCfg = Release|Any CPU
		{59D17852-FD05-4CC3-B4FF-1E0D0595BC04}.Release|x86.Build.0 = Release|Any CPU
		{A2F6B466-E0E2-4419-835A-8712BCAB0BB6}.Debug|x86.ActiveCfg = Debug|Any CPU
		{A2F6B466-E0E2-4419-835A-8712BCAB0BB6}.Debug|x86.Build.0 = Debug|Any CPU
		{A2F6B466-E0E2-4419-835A-8712BCAB0BB6}.Release|x86.ActiveCfg = Release|Any CPU
		{A2F6B466-E0E2-4419-835A-8712BCAB0BB6}.Release|x86.Build.0 = Release|Any CPU
		{BF7E48C2-99C1-4482-B050-DB3A5C32FC76}.Debug|x86.ActiveCfg = Debug|Any CPU
		{BF7E48C2-99C1-4482-B050-DB3A5C32FC76}.Debug|x86.Build.0 = Debug|Any CPU
		{BF7E48C2-99C1-4482-B050-DB3A5C32FC76}.Release|x86.ActiveCfg = Release|Any CPU
		{BF7E48C2-99C1-4482-B050-DB3A5C32FC76}.Release|x86.Build.0 = Release|Any CPU
		{C86457AE-C053-4C1A-8062-DF977D34E691}.Debug|x86.ActiveCfg = Debug|Any CPU
		{C86457AE-C053-4C1A-8062-DF977D34E691}.Debug|x86.Build.0 = Debug|Any CPU
		{C86457AE-C053-4C1A-8062-DF977D34E691}.Release|x86.ActiveCfg = Release|Any CPU
		{C86457AE-C053-4C1A-8062-DF977D34E691}.Release|x86.Build.0 = Release|Any CPU
		{E66F7043-5EBD-47F7-9113-572325A99863}.Debug|x86.ActiveCfg = Debug|x86
		{E66F7043-5EBD-47F7-9113-572325A99863}.Debug|x86.Build.0 = Debug|x86
		{E66F7043-5EBD-47F7-9113-572325A99863}.Release|x86.ActiveCfg = Release|x86
		{E66F7043-5EBD-47F7-9113-572325A99863}.Release|x86.Build.0 = Release|x86
	EndGlobalSection
	GlobalSection(NestedProjects) = preSolution
		{0C86B607-961A-4C68-9E52-A3D829E4E294} = {83BF3F51-FBE7-4F6B-B1FA-A2DD44016B79}
		{35737F35-80D6-422D-806D-047320FF1D99} = {83BF3F51-FBE7-4F6B-B1FA-A2DD44016B79}
		{59D17852-FD05-4CC3-B4FF-1E0D0595BC04} = {1C1C01B2-2A98-45F9-BB18-2BBA2D32D90D}
		{254BCFD6-7878-41B8-B208-5474FF7EF95C} = {1C1C01B2-2A98-45F9-BB18-2BBA2D32D90D}
		{BF7E48C2-99C1-4482-B050-DB3A5C32FC76} = {1C1C01B2-2A98-45F9-BB18-2BBA2D32D90D}
	EndGlobalSection
EndGlobal
